// !$*UTF8*$!
{
	archiveVersion = 1;
	classes = {
	};
	objectVersion = 46;
	objects = {

/* Begin PBXBuildFile section */
		2C24E8F61B1E224E00F7B3C1 /* AppDelegate.swift in Sources */ = {isa = PBXBuildFile; fileRef = 2C24E8F51B1E224E00F7B3C1 /* AppDelegate.swift */; };
		2C24E8F91B1E224E00F7B3C1 /* TipCalculator.xcdatamodeld in Sources */ = {isa = PBXBuildFile; fileRef = 2C24E8F71B1E224E00F7B3C1 /* TipCalculator.xcdatamodeld */; };
		2C24E8FB1B1E224E00F7B3C1 /* MainViewController.swift in Sources */ = {isa = PBXBuildFile; fileRef = 2C24E8FA1B1E224E00F7B3C1 /* MainViewController.swift */; };
		2C24E8FE1B1E224E00F7B3C1 /* Main.storyboard in Resources */ = {isa = PBXBuildFile; fileRef = 2C24E8FC1B1E224E00F7B3C1 /* Main.storyboard */; };
		2C24E9001B1E224E00F7B3C1 /* Images.xcassets in Resources */ = {isa = PBXBuildFile; fileRef = 2C24E8FF1B1E224E00F7B3C1 /* Images.xcassets */; };
		2C24E90F1B1E224E00F7B3C1 /* TipCalculatorTests.swift in Sources */ = {isa = PBXBuildFile; fileRef = 2C24E90E1B1E224E00F7B3C1 /* TipCalculatorTests.swift */; };
/* End PBXBuildFile section */

/* Begin PBXContainerItemProxy section */
		2C24E9091B1E224E00F7B3C1 /* PBXContainerItemProxy */ = {
			isa = PBXContainerItemProxy;
			containerPortal = 2C24E8E81B1E224E00F7B3C1 /* Project object */;
			proxyType = 1;
			remoteGlobalIDString = 2C24E8EF1B1E224E00F7B3C1;
			remoteInfo = TipCalculator;
		};
/* End PBXContainerItemProxy section */

/* Begin PBXFileReference section */
		2C24E8F01B1E224E00F7B3C1 /* Tipstic.app */ = {isa = PBXFileReference; explicitFileType = wrapper.application; includeInIndex = 0; path = Tipstic.app; sourceTree = BUILT_PRODUCTS_DIR; };
		2C24E8F41B1E224E00F7B3C1 /* Info.plist */ = {isa = PBXFileReference; lastKnownFileType = text.plist.xml; path = Info.plist; sourceTree = "<group>"; };
		2C24E8F51B1E224E00F7B3C1 /* AppDelegate.swift */ = {isa = PBXFileReference; lastKnownFileType = sourcecode.swift; path = AppDelegate.swift; sourceTree = "<group>"; };
		2C24E8F81B1E224E00F7B3C1 /* TipCalculator.xcdatamodel */ = {isa = PBXFileReference; lastKnownFileType = wrapper.xcdatamodel; path = TipCalculator.xcdatamodel; sourceTree = "<group>"; };
		2C24E8FA1B1E224E00F7B3C1 /* MainViewController.swift */ = {isa = PBXFileReference; lastKnownFileType = sourcecode.swift; path = MainViewController.swift; sourceTree = "<group>"; };
		2C24E8FD1B1E224E00F7B3C1 /* Base */ = {isa = PBXFileReference; lastKnownFileType = file.storyboard; name = Base; path = Base.lproj/Main.storyboard; sourceTree = "<group>"; };
		2C24E8FF1B1E224E00F7B3C1 /* Images.xcassets */ = {isa = PBXFileReference; lastKnownFileType = folder.assetcatalog; path = Images.xcassets; sourceTree = "<group>"; };
		2C24E9081B1E224E00F7B3C1 /* TipsticTests.xctest */ = {isa = PBXFileReference; explicitFileType = wrapper.cfbundle; includeInIndex = 0; path = TipsticTests.xctest; sourceTree = BUILT_PRODUCTS_DIR; };
		2C24E90D1B1E224E00F7B3C1 /* Info.plist */ = {isa = PBXFileReference; lastKnownFileType = text.plist.xml; path = Info.plist; sourceTree = "<group>"; };
		2C24E90E1B1E224E00F7B3C1 /* TipCalculatorTests.swift */ = {isa = PBXFileReference; lastKnownFileType = sourcecode.swift; path = TipCalculatorTests.swift; sourceTree = "<group>"; };
/* End PBXFileReference section */

/* Begin PBXFrameworksBuildPhase section */
		2C24E8ED1B1E224E00F7B3C1 /* Frameworks */ = {
			isa = PBXFrameworksBuildPhase;
			buildActionMask = 2147483647;
			files = (
			);
			runOnlyForDeploymentPostprocessing = 0;
		};
		2C24E9051B1E224E00F7B3C1 /* Frameworks */ = {
			isa = PBXFrameworksBuildPhase;
			buildActionMask = 2147483647;
			files = (
			);
			runOnlyForDeploymentPostprocessing = 0;
		};
/* End PBXFrameworksBuildPhase section */

/* Begin PBXGroup section */
		2C24E8E71B1E224E00F7B3C1 = {
			isa = PBXGroup;
			children = (
				2C24E8F21B1E224E00F7B3C1 /* TipCalculator */,
				2C24E90B1B1E224E00F7B3C1 /* TipCalculatorTests */,
				2C24E8F11B1E224E00F7B3C1 /* Products */,
			);
			sourceTree = "<group>";
		};
		2C24E8F11B1E224E00F7B3C1 /* Products */ = {
			isa = PBXGroup;
			children = (
				2C24E8F01B1E224E00F7B3C1 /* Tipstic.app */,
				2C24E9081B1E224E00F7B3C1 /* TipsticTests.xctest */,
			);
			name = Products;
			sourceTree = "<group>";
		};
		2C24E8F21B1E224E00F7B3C1 /* TipCalculator */ = {
			isa = PBXGroup;
			children = (
				2C24E8F51B1E224E00F7B3C1 /* AppDelegate.swift */,
				2C24E8FA1B1E224E00F7B3C1 /* MainViewController.swift */,
				2C24E8FC1B1E224E00F7B3C1 /* Main.storyboard */,
				2C24E8FF1B1E224E00F7B3C1 /* Images.xcassets */,
				2C24E8F71B1E224E00F7B3C1 /* TipCalculator.xcdatamodeld */,
				2C24E8F31B1E224E00F7B3C1 /* Supporting Files */,
			);
			path = TipCalculator;
			sourceTree = "<group>";
		};
		2C24E8F31B1E224E00F7B3C1 /* Supporting Files */ = {
			isa = PBXGroup;
			children = (
				2C24E8F41B1E224E00F7B3C1 /* Info.plist */,
			);
			name = "Supporting Files";
			sourceTree = "<group>";
		};
		2C24E90B1B1E224E00F7B3C1 /* TipCalculatorTests */ = {
			isa = PBXGroup;
			children = (
				2C24E90E1B1E224E00F7B3C1 /* TipCalculatorTests.swift */,
				2C24E90C1B1E224E00F7B3C1 /* Supporting Files */,
			);
			path = TipCalculatorTests;
			sourceTree = "<group>";
		};
		2C24E90C1B1E224E00F7B3C1 /* Supporting Files */ = {
			isa = PBXGroup;
			children = (
				2C24E90D1B1E224E00F7B3C1 /* Info.plist */,
			);
			name = "Supporting Files";
			sourceTree = "<group>";
		};
/* End PBXGroup section */

/* Begin PBXNativeTarget section */
		2C24E8EF1B1E224E00F7B3C1 /* Tipstic */ = {
			isa = PBXNativeTarget;
			buildConfigurationList = 2C24E9121B1E224E00F7B3C1 /* Build configuration list for PBXNativeTarget "Tipstic" */;
			buildPhases = (
				2C24E8EC1B1E224E00F7B3C1 /* Sources */,
				2C24E8ED1B1E224E00F7B3C1 /* Frameworks */,
				2C24E8EE1B1E224E00F7B3C1 /* Resources */,
			);
			buildRules = (
			);
			dependencies = (
			);
			name = Tipstic;
			productName = TipCalculator;
			productReference = 2C24E8F01B1E224E00F7B3C1 /* Tipstic.app */;
			productType = "com.apple.product-type.application";
		};
		2C24E9071B1E224E00F7B3C1 /* TipsticTests */ = {
			isa = PBXNativeTarget;
			buildConfigurationList = 2C24E9151B1E224E00F7B3C1 /* Build configuration list for PBXNativeTarget "TipsticTests" */;
			buildPhases = (
				2C24E9041B1E224E00F7B3C1 /* Sources */,
				2C24E9051B1E224E00F7B3C1 /* Frameworks */,
				2C24E9061B1E224E00F7B3C1 /* Resources */,
			);
			buildRules = (
			);
			dependencies = (
				2C24E90A1B1E224E00F7B3C1 /* PBXTargetDependency */,
			);
			name = TipsticTests;
			productName = TipCalculatorTests;
			productReference = 2C24E9081B1E224E00F7B3C1 /* TipsticTests.xctest */;
			productType = "com.apple.product-type.bundle.unit-test";
		};
/* End PBXNativeTarget section */

/* Begin PBXProject section */
		2C24E8E81B1E224E00F7B3C1 /* Project object */ = {
			isa = PBXProject;
			attributes = {
				LastUpgradeCheck = 0630;
				ORGANIZATIONNAME = "shivam kaushik";
				TargetAttributes = {
					2C24E8EF1B1E224E00F7B3C1 = {
						CreatedOnToolsVersion = 6.3.2;
					};
					2C24E9071B1E224E00F7B3C1 = {
						CreatedOnToolsVersion = 6.3.2;
						TestTargetID = 2C24E8EF1B1E224E00F7B3C1;
					};
				};
			};
			buildConfigurationList = 2C24E8EB1B1E224E00F7B3C1 /* Build configuration list for PBXProject "Tipstic" */;
			compatibilityVersion = "Xcode 3.2";
			developmentRegion = English;
			hasScannedForEncodings = 0;
			knownRegions = (
				en,
				Base,
			);
			mainGroup = 2C24E8E71B1E224E00F7B3C1;
			productRefGroup = 2C24E8F11B1E224E00F7B3C1 /* Products */;
			projectDirPath = "";
			projectRoot = "";
			targets = (
				2C24E8EF1B1E224E00F7B3C1 /* Tipstic */,
				2C24E9071B1E224E00F7B3C1 /* TipsticTests */,
			);
		};
/* End PBXProject section */

/* Begin PBXResourcesBuildPhase section */
		2C24E8EE1B1E224E00F7B3C1 /* Resources */ = {
			isa = PBXResourcesBuildPhase;
			buildActionMask = 2147483647;
			files = (
				2C24E8FE1B1E224E00F7B3C1 /* Main.storyboard in Resources */,
				2C24E9001B1E224E00F7B3C1 /* Images.xcassets in Resources */,
			);
			runOnlyForDeploymentPostprocessing = 0;
		};
		2C24E9061B1E224E00F7B3C1 /* Resources */ = {
			isa = PBXResourcesBuildPhase;
			buildActionMask = 2147483647;
			files = (
			);
			runOnlyForDeploymentPostprocessing = 0;
		};
/* End PBXResourcesBuildPhase section */

/* Begin PBXSourcesBuildPhase section */
		2C24E8EC1B1E224E00F7B3C1 /* Sources */ = {
			isa = PBXSourcesBuildPhase;
			buildActionMask = 2147483647;
			files = (
				2C24E8FB1B1E224E00F7B3C1 /* MainViewController.swift in Sources */,
				2C24E8F61B1E224E00F7B3C1 /* AppDelegate.swift in Sources */,
				2C24E8F91B1E224E00F7B3C1 /* TipCalculator.xcdatamodeld in Sources */,
			);
			runOnlyForDeploymentPostprocessing = 0;
		};
		2C24E9041B1E224E00F7B3C1 /* Sources */ = {
			isa = PBXSourcesBuildPhase;
			buildActionMask = 2147483647;
			files = (
				2C24E90F1B1E224E00F7B3C1 /* TipCalculatorTests.swift in Sources */,
			);
			runOnlyForDeploymentPostprocessing = 0;
		};
/* End PBXSourcesBuildPhase section */

/* Begin PBXTargetDependency section */
		2C24E90A1B1E224E00F7B3C1 /* PBXTargetDependency */ = {
			isa = PBXTargetDependency;
			target = 2C24E8EF1B1E224E00F7B3C1 /* Tipstic */;
			targetProxy = 2C24E9091B1E224E00F7B3C1 /* PBXContainerItemProxy */;
		};
/* End PBXTargetDependency section */

/* Begin PBXVariantGroup section */
		2C24E8FC1B1E224E00F7B3C1 /* Main.storyboard */ = {
			isa = PBXVariantGroup;
			children = (
				2C24E8FD1B1E224E00F7B3C1 /* Base */,
			);
			name = Main.storyboard;
			sourceTree = "<group>";
		};
/* End PBXVariantGroup section */

/* Begin XCBuildConfiguration section */
		2C24E9101B1E224E00F7B3C1 /* Debug */ = {
			isa = XCBuildConfiguration;
			buildSettings = {
				ALWAYS_SEARCH_USER_PATHS = NO;
				CLANG_CXX_LANGUAGE_STANDARD = "gnu++0x";
				CLANG_CXX_LIBRARY = "libc++";
				CLANG_ENABLE_MODULES = YES;
				CLANG_ENABLE_OBJC_ARC = YES;
				CLANG_WARN_BOOL_CONVERSION = YES;
				CLANG_WARN_CONSTANT_CONVERSION = YES;
				CLANG_WARN_DIRECT_OBJC_ISA_USAGE = YES_ERROR;
				CLANG_WARN_EMPTY_BODY = YES;
				CLANG_WARN_ENUM_CONVERSION = YES;
				CLANG_WARN_INT_CONVERSION = YES;
				CLANG_WARN_OBJC_ROOT_CLASS = YES_ERROR;
				CLANG_WARN_UNREACHABLE_CODE = YES;
				CLANG_WARN__DUPLICATE_METHOD_MATCH = YES;
				"CODE_SIGN_IDENTITY[sdk=iphoneos*]" = "iPhone Developer";
				COPY_PHASE_STRIP = NO;
				DEBUG_INFORMATION_FORMAT = "dwarf-with-dsym";
				ENABLE_STRICT_OBJC_MSGSEND = YES;
				GCC_C_LANGUAGE_STANDARD = gnu99;
				GCC_DYNAMIC_NO_PIC = NO;
				GCC_NO_COMMON_BLOCKS = YES;
				GCC_OPTIMIZATION_LEVEL = 0;
				GCC_PREPROCESSOR_DEFINITIONS = (
					"DEBUG=1",
					"$(inherited)",
				);
				GCC_SYMBOLS_PRIVATE_EXTERN = NO;
				GCC_WARN_64_TO_32_BIT_CONVERSION = YES;
				GCC_WARN_ABOUT_RETURN_TYPE = YES_ERROR;
				GCC_WARN_UNDECLARED_SELECTOR = YES;
				GCC_WARN_UNINITIALIZED_AUTOS = YES_AGGRESSIVE;
				GCC_WARN_UNUSED_FUNCTION = YES;
				GCC_WARN_UNUSED_VARIABLE = YES;
				IPHONEOS_DEPLOYMENT_TARGET = 8.3;
				MTL_ENABLE_DEBUG_INFO = YES;
				ONLY_ACTIVE_ARCH = YES;
				SDKROOT = iphoneos;
				SWIFT_OPTIMIZATION_LEVEL = "-Onone";
				TARGETED_DEVICE_FAMILY = "1,2";
			};
			name = Debug;
		};
		2C24E9111B1E224E00F7B3C1 /* Release */ = {
			isa = XCBuildConfiguration;
			buildSettings = {
				ALWAYS_SEARCH_USER_PATHS = NO;
				CLANG_CXX_LANGUAGE_STANDARD = "gnu++0x";
				CLANG_CXX_LIBRARY = "libc++";
				CLANG_ENABLE_MODULES = YES;
				CLANG_ENABLE_OBJC_ARC = YES;
				CLANG_WARN_BOOL_CONVERSION = YES;
				CLANG_WARN_CONSTANT_CONVERSION = YES;
				CLANG_WARN_DIRECT_OBJC_ISA_USAGE = YES_ERROR;
				CLANG_WARN_EMPTY_BODY = YES;
				CLANG_WARN_ENUM_CONVERSION = YES;
				CLANG_WARN_INT_CONVERSION = YES;
				CLANG_WARN_OBJC_ROOT_CLASS = YES_ERROR;
				CLANG_WARN_UNREACHABLE_CODE = YES;
				CLANG_WARN__DUPLICATE_METHOD_MATCH = YES;
				"CODE_SIGN_IDENTITY[sdk=iphoneos*]" = "iPhone Developer";
				COPY_PHASE_STRIP = NO;
				DEBUG_INFORMATION_FORMAT = "dwarf-with-dsym";
				ENABLE_NS_ASSERTIONS = NO;
				ENABLE_STRICT_OBJC_MSGSEND = YES;
				GCC_C_LANGUAGE_STANDARD = gnu99;
				GCC_NO_COMMON_BLOCKS = YES;
				GCC_WARN_64_TO_32_BIT_CONVERSION = YES;
				GCC_WARN_ABOUT_RETURN_TYPE = YES_ERROR;
				GCC_WARN_UNDECLARED_SELECTOR = YES;
				GCC_WARN_UNINITIALIZED_AUTOS = YES_AGGRESSIVE;
				GCC_WARN_UNUSED_FUNCTION = YES;
				GCC_WARN_UNUSED_VARIABLE = YES;
				IPHONEOS_DEPLOYMENT_TARGET = 8.3;
				MTL_ENABLE_DEBUG_INFO = NO;
				SDKROOT = iphoneos;
				TARGETED_DEVICE_FAMILY = "1,2";
				VALIDATE_PRODUCT = YES;
			};
			name = Release;
		};
		2C24E9131B1E224E00F7B3C1 /* Debug */ = {
			isa = XCBuildConfiguration;
			buildSettings = {
				ASSETCATALOG_COMPILER_APPICON_NAME = AppIcon;
				INFOPLIST_FILE = TipCalculator/Info.plist;
				LD_RUNPATH_SEARCH_PATHS = "$(inherited) @executable_path/Frameworks";
				PRODUCT_NAME = Tipstic;
				TARGETED_DEVICE_FAMILY = 1;
			};
			name = Debug;
		};
		2C24E9141B1E224E00F7B3C1 /* Release */ = {
			isa = XCBuildConfiguration;
			buildSettings = {
				ASSETCATALOG_COMPILER_APPICON_NAME = AppIcon;
				INFOPLIST_FILE = TipCalculator/Info.plist;
				LD_RUNPATH_SEARCH_PATHS = "$(inherited) @executable_path/Frameworks";
				PRODUCT_NAME = Tipstic;
				TARGETED_DEVICE_FAMILY = 1;
			};
			name = Release;
		};
		2C24E9161B1E224E00F7B3C1 /* Debug */ = {
			isa = XCBuildConfiguration;
			buildSettings = {
				BUNDLE_LOADER = "$(TEST_HOST)";
				FRAMEWORK_SEARCH_PATHS = (
					"$(SDKROOT)/Developer/Library/Frameworks",
					"$(inherited)",
				);
				GCC_PREPROCESSOR_DEFINITIONS = (
					"DEBUG=1",
					"$(inherited)",
				);
				INFOPLIST_FILE = TipCalculatorTests/Info.plist;
				LD_RUNPATH_SEARCH_PATHS = "$(inherited) @executable_path/Frameworks @loader_path/Frameworks";
				PRODUCT_NAME = TipsticTests;
				TEST_HOST = "$(BUILT_PRODUCTS_DIR)/Tipstic.app/Tipstic";
			};
			name = Debug;
		};
		2C24E9171B1E224E00F7B3C1 /* Release */ = {
			isa = XCBuildConfiguration;
			buildSettings = {
				BUNDLE_LOADER = "$(TEST_HOST)";
				FRAMEWORK_SEARCH_PATHS = (
					"$(SDKROOT)/Developer/Library/Frameworks",
					"$(inherited)",
				);
				INFOPLIST_FILE = TipCalculatorTests/Info.plist;
				LD_RUNPATH_SEARCH_PATHS = "$(inherited) @executable_path/Frameworks @loader_path/Frameworks";
				PRODUCT_NAME = TipsticTests;
				TEST_HOST = "$(BUILT_PRODUCTS_DIR)/Tipstic.app/Tipstic";
			};
			name = Release;
		};
/* End XCBuildConfiguration section */

/* Begin XCConfigurationList section */
		2C24E8EB1B1E224E00F7B3C1 /* Build configuration list for PBXProject "Tipstic" */ = {
			isa = XCConfigurationList;
			buildConfigurations = (
				2C24E9101B1E224E00F7B3C1 /* Debug */,
				2C24E9111B1E224E00F7B3C1 /* Release */,
			);
			defaultConfigurationIsVisible = 0;
			defaultConfigurationName = Release;
		};
		2C24E9121B1E224E00F7B3C1 /* Build configuration list for PBXNativeTarget "Tipstic" */ = {
			isa = XCConfigurationList;
			buildConfigurations = (
				2C24E9131B1E224E00F7B3C1 /* Debug */,
				2C24E9141B1E224E00F7B3C1 /* Release */,
			);
			defaultConfigurationIsVisible = 0;
			defaultConfigurationName = Release;
		};
		2C24E9151B1E224E00F7B3C1 /* Build configuration list for PBXNativeTarget "TipsticTests" */ = {
			isa = XCConfigurationList;
			buildConfigurations = (
				2C24E9161B1E224E00F7B3C1 /* Debug */,
				2C24E9171B1E224E00F7B3C1 /* Release */,
			);
			defaultConfigurationIsVisible = 0;
			defaultConfigurationName = Release;
		};
/* End XCConfigurationList section */

/* Begin XCVersionGroup section */
		2C24E8F71B1E224E00F7B3C1 /* TipCalculator.xcdatamodeld */ = {
			isa = XCVersionGroup;
			children = (
				2C24E8F81B1E224E00F7B3C1 /* TipCalculator.xcdatamodel */,
			);
			currentVersion = 2C24E8F81B1E224E00F7B3C1 /* TipCalculator.xcdatamodel */;
			path = TipCalculator.xcdatamodeld;
			sourceTree = "<group>";
			versionGroupType = wrapper.xcdatamodel;
		};
/* End XCVersionGroup section */
	};
	rootObject = 2C24E8E81B1E224E00F7B3C1 /* Project object */;
}
